
Microsoft Visual Studio Solution File, Format Version 12.00
# Visual Studio Version 17
VisualStudioVersion = 17.10.35027.167
MinimumVisualStudioVersion = 10.0.40219.1
Project("{FAE04EC0-301F-11D3-BF4B-00C04F79EFBC}") = "Load.Balancer.NGINX", "Load.Balancer.NGINX\Load.Balancer.NGINX.csproj", "{C7C66077-E27F-4637-9213-6D97439F4E01}"
EndProject
Project("{2150E333-8FDC-42A3-9474-1A3956D46DE8}") = "Configs", "Configs", "{E12E721F-41CC-41E3-98F4-79CA693F3A3C}"
	ProjectSection(SolutionItems) = preProject
		nginx.conf = nginx.conf
	EndProjectSection
EndProject
Global
	GlobalSection(SolutionConfigurationPlatforms) = preSolution
		Debug|Any CPU = Debug|Any CPU
		Release|Any CPU = Release|Any CPU
	EndGlobalSection
	GlobalSection(ProjectConfigurationPlatforms) = postSolution
		{C7C66077-E27F-4637-9213-6D97439F4E01}.Debug|Any CPU.ActiveCfg = Debug|Any CPU
		{C7C66077-E27F-4637-9213-6D97439F4E01}.Debug|Any CPU.Build.0 = Debug|Any CPU
		{C7C66077-E27F-4637-9213-6D97439F4E01}.Release|Any CPU.ActiveCfg = Release|Any CPU
		{C7C66077-E27F-4637-9213-6D97439F4E01}.Release|Any CPU.Build.0 = Release|Any CPU
	EndGlobalSection
	GlobalSection(SolutionProperties) = preSolution
		HideSolutionNode = FALSE
	EndGlobalSection
	GlobalSection(ExtensibilityGlobals) = postSolution
		SolutionGuid = {10268F11-FAAD-479F-85A0-20083BC34DAA}
	EndGlobalSection
EndGlobal
